
Microsoft Visual Studio Solution File, Format Version 12.00
# Visual Studio Version 16
VisualStudioVersion = 16.0.31729.503
MinimumVisualStudioVersion = 10.0.40219.1
Project("{8BC9CEB8-8B4A-11D0-8D11-00A0C91BC942}") = "cuda_ff", "cuda_ff\cuda_ff.vcxproj", "{653B2D8C-947D-427D-A546-AA91C1F74825}"
EndProject
Global
	GlobalSection(SolutionConfigurationPlatforms) = preSolution
		Debug|x64 = Debug|x64
		Release|x64 = Release|x64
	EndGlobalSection
	GlobalSection(ProjectConfigurationPlatforms) = postSolution
		{653B2D8C-947D-427D-A546-AA91C1F74825}.Debug|x64.ActiveCfg = Debug|x64
		{653B2D8C-947D-427D-A546-AA91C1F74825}.Debug|x64.Build.0 = Debug|x64
		{653B2D8C-947D-427D-A546-AA91C1F74825}.Release|x64.ActiveCfg = Release|x64
		{653B2D8C-947D-427D-A546-AA91C1F74825}.Release|x64.Build.0 = Release|x64
	EndGlobalSection
	GlobalSection(SolutionProperties) = preSolution
		HideSolutionNode = FALSE
	EndGlobalSection
	GlobalSection(ExtensibilityGlobals) = postSolution
		SolutionGuid = {DCDAA1EC-205D-482F-AF4C-0542A336F88C}
	EndGlobalSection
EndGlobal
